<?xml version="1.0" encoding="utf-8"?>
<Project ToolsVersion="4.0" xmlns="http://schemas.microsoft.com/developer/msbuild/2003">
  <ItemGroup>
    <Filter Include="源文件">
      <UniqueIdentifier>{4FC737F1-C7A5-4376-A066-2A32D752A2FF}</UniqueIdentifier>
      <Extensions>cpp;c;cc;cxx;def;odl;idl;hpj;bat;asm;asmx</Extensions>
    </Filter>
    <Filter Include="头文件">
      <UniqueIdentifier>{93995380-89BD-4b04-88EB-625FBE52EBFB}</UniqueIdentifier>
      <Extensions>h;hh;hpp;hxx;hm;inl;inc;ipp;xsd</Extensions>
    </Filter>
    <Filter Include="资源文件">
      <UniqueIdentifier>{67DA6AB6-F800-4c08-8B7A-83BB121AAD01}</UniqueIdentifier>
      <Extensions>rc;ico;cur;bmp;dlg;rc2;rct;bin;rgs;gif;jpg;jpeg;jpe;resx;tiff;tif;png;wav;mfcribbon-ms</Extensions>
    </Filter>
  </ItemGroup>
  <ItemGroup>
    <ClCompile Include="imgui\imgui.cpp">
      <Filter>源文件</Filter>
    </ClCompile>
    <ClCompile Include="imgui\imgui_widgets.cpp">
      <Filter>源文件</Filter>
    </ClCompile>
    <ClCompile Include="libs\gl3w\gl3w.c">
      <Filter>源文件</Filter>
    </ClCompile>
    <ClCompile Include="imgui\imgui_draw.cpp">
      <Filter>源文件</Filter>
    </ClCompile>
    <ClCompile Include="editor\opengl3\imgui_impl_glfw.cpp">
      <Filter>源文件</Filter>
    </ClCompile>
    <ClCompile Include="editor\opengl3\imgui_impl_opengl3.cpp">
      <Filter>源文件</Filter>
    </ClCompile>
    <ClCompile Include="editor\third\glm\detail\glm.cpp">
      <Filter>源文件</Filter>
    </ClCompile>
    <ClCompile Include="editor\third\tinyxml\tinystr.cpp">
      <Filter>源文件</Filter>
    </ClCompile>
    <ClCompile Include="editor\third\tinyxml\tinyxml.cpp">
      <Filter>源文件</Filter>
    </ClCompile>
    <ClCompile Include="editor\third\tinyxml\tinyxmlerror.cpp">
      <Filter>源文件</Filter>
    </ClCompile>
    <ClCompile Include="editor\third\tinyxml\tinyxmlparser.cpp">
      <Filter>源文件</Filter>
    </ClCompile>
    <ClCompile Include="editor\global.cpp">
      <Filter>源文件</Filter>
    </ClCompile>
    <ClCompile Include="editor\main.cpp">
      <Filter>源文件</Filter>
    </ClCompile>
    <ClCompile Include="editor\system\raw_sys\raw.cpp">
      <Filter>源文件</Filter>
    </ClCompile>
    <ClCompile Include="editor\system\ui_sys\ui_parse\ui_parse.cpp">
      <Filter>源文件</Filter>
    </ClCompile>
    <ClCompile Include="editor\system\ui_sys\ui_state\ui_state.cpp">
      <Filter>源文件</Filter>
    </ClCompile>
    <ClCompile Include="editor\system\ui_sys\ui_menu.cpp">
      <Filter>源文件</Filter>
    </ClCompile>
    <ClCompile Include="editor\system\ui_sys\ui_sys.cpp">
      <Filter>源文件</Filter>
    </ClCompile>
    <ClCompile Include="editor\system\raw_sys\raw_sys.cpp">
      <Filter>源文件</Filter>
    </ClCompile>
    <ClCompile Include="editor\system\editor_sys\editor_sys.cpp">
      <Filter>源文件</Filter>
    </ClCompile>
    <ClCompile Include="editor\system\ui_sys\ui_object\ui_object.cpp">
      <Filter>源文件</Filter>
    </ClCompile>
    <ClCompile Include="editor\system\event_sys\event_sys.cpp">
      <Filter>源文件</Filter>
    </ClCompile>
    <ClCompile Include="editor\system\interface\serializer.cpp">
      <Filter>源文件</Filter>
    </ClCompile>
    <ClCompile Include="editor\system\editor_sys\property\ui_property.cpp">
      <Filter>源文件</Filter>
    </ClCompile>
    <ClCompile Include="editor\system\ui_sys\ui_event.cpp">
      <Filter>源文件</Filter>
    </ClCompile>
    <ClCompile Include="editor\system\editor_sys\component\comp_sprite.cpp">
      <Filter>源文件</Filter>
    </ClCompile>
    <ClCompile Include="editor\system\ui_sys\ui_object\ui_object_gl_canvas.cpp">
      <Filter>源文件</Filter>
    </ClCompile>
    <ClCompile Include="editor\system\editor_sys\component\comp_tilemap.cpp">
      <Filter>源文件</Filter>
    </ClCompile>
    <ClCompile Include="editor\system\editor_sys\component\comp_light.cpp">
      <Filter>源文件</Filter>
    </ClCompile>
    <ClCompile Include="editor\system\editor_sys\component\comp_lightning.cpp">
      <Filter>源文件</Filter>
    </ClCompile>
    <ClCompile Include="editor\system\editor_sys\component\comp_segment.cpp">
      <Filter>源文件</Filter>
    </ClCompile>
    <ClCompile Include="editor\system\editor_sys\component\comp_polygon.cpp">
      <Filter>源文件</Filter>
    </ClCompile>
    <ClCompile Include="editor\system\editor_sys\component\comp_field_of_view.cpp">
      <Filter>源文件</Filter>
    </ClCompile>
    <ClCompile Include="editor\system\editor_sys\component\comp_render_target.cpp">
      <Filter>源文件</Filter>
    </ClCompile>
    <ClCompile Include="editor\system\editor_sys\component\comp_text.cpp">
      <Filter>源文件</Filter>
    </ClCompile>
    <ClCompile Include="editor\system\raw_sys\res.cpp">
      <Filter>源文件</Filter>
    </ClCompile>
    <ClCompile Include="editor\system\raw_sys\project.cpp">
      <Filter>源文件</Filter>
    </ClCompile>
    <ClCompile Include="editor\system\raw_sys\gl_object.cpp">
      <Filter>源文件</Filter>
    </ClCompile>
    <ClCompile Include="editor\system\raw_sys\component.cpp">
      <Filter>源文件</Filter>
    </ClCompile>
    <ClCompile Include="editor\system\raw_sys\comp_transform.cpp">
      <Filter>源文件</Filter>
    </ClCompile>
    <ClCompile Include="editor\system\editor_sys\delegate\main\ui_delegate_main.cpp">
      <Filter>源文件</Filter>
    </ClCompile>
  </ItemGroup>
  <ItemGroup>
    <ClInclude Include="imgui\imconfig.h">
      <Filter>头文件</Filter>
    </ClInclude>
    <ClInclude Include="imgui\imgui.h">
      <Filter>头文件</Filter>
    </ClInclude>
    <ClInclude Include="imgui\imgui_internal.h">
      <Filter>头文件</Filter>
    </ClInclude>
    <ClInclude Include="imgui\imstb_rectpack.h">
      <Filter>头文件</Filter>
    </ClInclude>
    <ClInclude Include="imgui\imstb_textedit.h">
      <Filter>头文件</Filter>
    </ClInclude>
    <ClInclude Include="libs\gl3w\gl3w.h">
      <Filter>头文件</Filter>
    </ClInclude>
    <ClInclude Include="libs\gl3w\glcorearb.h">
      <Filter>头文件</Filter>
    </ClInclude>
    <ClInclude Include="libs\glfw\glfw3.h">
      <Filter>头文件</Filter>
    </ClInclude>
    <ClInclude Include="libs\glfw\glfw3native.h">
      <Filter>头文件</Filter>
    </ClInclude>
    <ClInclude Include="imgui\imstb_truetype.h">
      <Filter>头文件</Filter>
    </ClInclude>
    <ClInclude Include="editor\opengl3\imgui_impl_glfw.h">
      <Filter>头文件</Filter>
    </ClInclude>
    <ClInclude Include="editor\opengl3\imgui_impl_opengl3.h">
      <Filter>头文件</Filter>
    </ClInclude>
    <ClInclude Include="editor\third\glm\detail\_features.hpp">
      <Filter>头文件</Filter>
    </ClInclude>
    <ClInclude Include="editor\third\glm\detail\_fixes.hpp">
      <Filter>头文件</Filter>
    </ClInclude>
    <ClInclude Include="editor\third\glm\detail\_noise.hpp">
      <Filter>头文件</Filter>
    </ClInclude>
    <ClInclude Include="editor\third\glm\detail\_swizzle.hpp">
      <Filter>头文件</Filter>
    </ClInclude>
    <ClInclude Include="editor\third\glm\detail\_swizzle_func.hpp">
      <Filter>头文件</Filter>
    </ClInclude>
    <ClInclude Include="editor\third\glm\detail\_vectorize.hpp">
      <Filter>头文件</Filter>
    </ClInclude>
    <ClInclude Include="editor\third\glm\detail\compute_common.hpp">
      <Filter>头文件</Filter>
    </ClInclude>
    <ClInclude Include="editor\third\glm\detail\compute_vector_relational.hpp">
      <Filter>头文件</Filter>
    </ClInclude>
    <ClInclude Include="editor\third\glm\detail\qualifier.hpp">
      <Filter>头文件</Filter>
    </ClInclude>
    <ClInclude Include="editor\third\glm\detail\setup.hpp">
      <Filter>头文件</Filter>
    </ClInclude>
    <ClInclude Include="editor\third\glm\detail\type_float.hpp">
      <Filter>头文件</Filter>
    </ClInclude>
    <ClInclude Include="editor\third\glm\detail\type_half.hpp">
      <Filter>头文件</Filter>
    </ClInclude>
    <ClInclude Include="editor\third\glm\detail\type_mat2x2.hpp">
      <Filter>头文件</Filter>
    </ClInclude>
    <ClInclude Include="editor\third\glm\detail\type_mat2x3.hpp">
      <Filter>头文件</Filter>
    </ClInclude>
    <ClInclude Include="editor\third\glm\detail\type_mat2x4.hpp">
      <Filter>头文件</Filter>
    </ClInclude>
    <ClInclude Include="editor\third\glm\detail\type_mat3x2.hpp">
      <Filter>头文件</Filter>
    </ClInclude>
    <ClInclude Include="editor\third\glm\detail\type_mat3x3.hpp">
      <Filter>头文件</Filter>
    </ClInclude>
    <ClInclude Include="editor\third\glm\detail\type_mat3x4.hpp">
      <Filter>头文件</Filter>
    </ClInclude>
    <ClInclude Include="editor\third\glm\detail\type_mat4x2.hpp">
      <Filter>头文件</Filter>
    </ClInclude>
    <ClInclude Include="editor\third\glm\detail\type_mat4x3.hpp">
      <Filter>头文件</Filter>
    </ClInclude>
    <ClInclude Include="editor\third\glm\detail\type_mat4x4.hpp">
      <Filter>头文件</Filter>
    </ClInclude>
    <ClInclude Include="editor\third\glm\detail\type_quat.hpp">
      <Filter>头文件</Filter>
    </ClInclude>
    <ClInclude Include="editor\third\glm\detail\type_vec1.hpp">
      <Filter>头文件</Filter>
    </ClInclude>
    <ClInclude Include="editor\third\glm\detail\type_vec2.hpp">
      <Filter>头文件</Filter>
    </ClInclude>
    <ClInclude Include="editor\third\glm\detail\type_vec3.hpp">
      <Filter>头文件</Filter>
    </ClInclude>
    <ClInclude Include="editor\third\glm\detail\type_vec4.hpp">
      <Filter>头文件</Filter>
    </ClInclude>
    <ClInclude Include="editor\third\glm\ext\matrix_clip_space.hpp">
      <Filter>头文件</Filter>
    </ClInclude>
    <ClInclude Include="editor\third\glm\ext\matrix_double2x2.hpp">
      <Filter>头文件</Filter>
    </ClInclude>
    <ClInclude Include="editor\third\glm\ext\matrix_double2x2_precision.hpp">
      <Filter>头文件</Filter>
    </ClInclude>
    <ClInclude Include="editor\third\glm\ext\matrix_double2x3.hpp">
      <Filter>头文件</Filter>
    </ClInclude>
    <ClInclude Include="editor\third\glm\ext\matrix_double2x3_precision.hpp">
      <Filter>头文件</Filter>
    </ClInclude>
    <ClInclude Include="editor\third\glm\ext\matrix_double2x4.hpp">
      <Filter>头文件</Filter>
    </ClInclude>
    <ClInclude Include="editor\third\glm\ext\matrix_double2x4_precision.hpp">
      <Filter>头文件</Filter>
    </ClInclude>
    <ClInclude Include="editor\third\glm\ext\matrix_double3x2.hpp">
      <Filter>头文件</Filter>
    </ClInclude>
    <ClInclude Include="editor\third\glm\ext\matrix_double3x2_precision.hpp">
      <Filter>头文件</Filter>
    </ClInclude>
    <ClInclude Include="editor\third\glm\ext\matrix_double3x3.hpp">
      <Filter>头文件</Filter>
    </ClInclude>
    <ClInclude Include="editor\third\glm\ext\matrix_double3x3_precision.hpp">
      <Filter>头文件</Filter>
    </ClInclude>
    <ClInclude Include="editor\third\glm\ext\matrix_double3x4.hpp">
      <Filter>头文件</Filter>
    </ClInclude>
    <ClInclude Include="editor\third\glm\ext\matrix_double3x4_precision.hpp">
      <Filter>头文件</Filter>
    </ClInclude>
    <ClInclude Include="editor\third\glm\ext\matrix_double4x2.hpp">
      <Filter>头文件</Filter>
    </ClInclude>
    <ClInclude Include="editor\third\glm\ext\matrix_double4x2_precision.hpp">
      <Filter>头文件</Filter>
    </ClInclude>
    <ClInclude Include="editor\third\glm\ext\matrix_double4x3.hpp">
      <Filter>头文件</Filter>
    </ClInclude>
    <ClInclude Include="editor\third\glm\ext\matrix_double4x3_precision.hpp">
      <Filter>头文件</Filter>
    </ClInclude>
    <ClInclude Include="editor\third\glm\ext\matrix_double4x4.hpp">
      <Filter>头文件</Filter>
    </ClInclude>
    <ClInclude Include="editor\third\glm\ext\matrix_double4x4_precision.hpp">
      <Filter>头文件</Filter>
    </ClInclude>
    <ClInclude Include="editor\third\glm\ext\matrix_float2x2.hpp">
      <Filter>头文件</Filter>
    </ClInclude>
    <ClInclude Include="editor\third\glm\ext\matrix_float2x2_precision.hpp">
      <Filter>头文件</Filter>
    </ClInclude>
    <ClInclude Include="editor\third\glm\ext\matrix_float2x3.hpp">
      <Filter>头文件</Filter>
    </ClInclude>
    <ClInclude Include="editor\third\glm\ext\matrix_float2x3_precision.hpp">
      <Filter>头文件</Filter>
    </ClInclude>
    <ClInclude Include="editor\third\glm\ext\matrix_float2x4.hpp">
      <Filter>头文件</Filter>
    </ClInclude>
    <ClInclude Include="editor\third\glm\ext\matrix_float2x4_precision.hpp">
      <Filter>头文件</Filter>
    </ClInclude>
    <ClInclude Include="editor\third\glm\ext\matrix_float3x2.hpp">
      <Filter>头文件</Filter>
    </ClInclude>
    <ClInclude Include="editor\third\glm\ext\matrix_float3x2_precision.hpp">
      <Filter>头文件</Filter>
    </ClInclude>
    <ClInclude Include="editor\third\glm\ext\matrix_float3x3.hpp">
      <Filter>头文件</Filter>
    </ClInclude>
    <ClInclude Include="editor\third\glm\ext\matrix_float3x3_precision.hpp">
      <Filter>头文件</Filter>
    </ClInclude>
    <ClInclude Include="editor\third\glm\ext\matrix_float3x4.hpp">
      <Filter>头文件</Filter>
    </ClInclude>
    <ClInclude Include="editor\third\glm\ext\matrix_float3x4_precision.hpp">
      <Filter>头文件</Filter>
    </ClInclude>
    <ClInclude Include="editor\third\glm\ext\matrix_float4x2.hpp">
      <Filter>头文件</Filter>
    </ClInclude>
    <ClInclude Include="editor\third\glm\ext\matrix_float4x2_precision.hpp">
      <Filter>头文件</Filter>
    </ClInclude>
    <ClInclude Include="editor\third\glm\ext\matrix_float4x3.hpp">
      <Filter>头文件</Filter>
    </ClInclude>
    <ClInclude Include="editor\third\glm\ext\matrix_float4x3_precision.hpp">
      <Filter>头文件</Filter>
    </ClInclude>
    <ClInclude Include="editor\third\glm\ext\matrix_float4x4.hpp">
      <Filter>头文件</Filter>
    </ClInclude>
    <ClInclude Include="editor\third\glm\ext\matrix_float4x4_precision.hpp">
      <Filter>头文件</Filter>
    </ClInclude>
    <ClInclude Include="editor\third\glm\ext\matrix_projection.hpp">
      <Filter>头文件</Filter>
    </ClInclude>
    <ClInclude Include="editor\third\glm\ext\matrix_relational.hpp">
      <Filter>头文件</Filter>
    </ClInclude>
    <ClInclude Include="editor\third\glm\ext\matrix_transform.hpp">
      <Filter>头文件</Filter>
    </ClInclude>
    <ClInclude Include="editor\third\glm\ext\quaternion_common.hpp">
      <Filter>头文件</Filter>
    </ClInclude>
    <ClInclude Include="editor\third\glm\ext\quaternion_double.hpp">
      <Filter>头文件</Filter>
    </ClInclude>
    <ClInclude Include="editor\third\glm\ext\quaternion_double_precision.hpp">
      <Filter>头文件</Filter>
    </ClInclude>
    <ClInclude Include="editor\third\glm\ext\quaternion_exponential.hpp">
      <Filter>头文件</Filter>
    </ClInclude>
    <ClInclude Include="editor\third\glm\ext\quaternion_float.hpp">
      <Filter>头文件</Filter>
    </ClInclude>
    <ClInclude Include="editor\third\glm\ext\quaternion_float_precision.hpp">
      <Filter>头文件</Filter>
    </ClInclude>
    <ClInclude Include="editor\third\glm\ext\quaternion_geometric.hpp">
      <Filter>头文件</Filter>
    </ClInclude>
    <ClInclude Include="editor\third\glm\ext\quaternion_relational.hpp">
      <Filter>头文件</Filter>
    </ClInclude>
    <ClInclude Include="editor\third\glm\ext\quaternion_transform.hpp">
      <Filter>头文件</Filter>
    </ClInclude>
    <ClInclude Include="editor\third\glm\ext\quaternion_trigonometric.hpp">
      <Filter>头文件</Filter>
    </ClInclude>
    <ClInclude Include="editor\third\glm\ext\scalar_common.hpp">
      <Filter>头文件</Filter>
    </ClInclude>
    <ClInclude Include="editor\third\glm\ext\scalar_constants.hpp">
      <Filter>头文件</Filter>
    </ClInclude>
    <ClInclude Include="editor\third\glm\ext\scalar_int_sized.hpp">
      <Filter>头文件</Filter>
    </ClInclude>
    <ClInclude Include="editor\third\glm\ext\scalar_relational.hpp">
      <Filter>头文件</Filter>
    </ClInclude>
    <ClInclude Include="editor\third\glm\ext\scalar_uint_sized.hpp">
      <Filter>头文件</Filter>
    </ClInclude>
    <ClInclude Include="editor\third\glm\ext\scalar_ulp.hpp">
      <Filter>头文件</Filter>
    </ClInclude>
    <ClInclude Include="editor\third\glm\ext\vector_bool1.hpp">
      <Filter>头文件</Filter>
    </ClInclude>
    <ClInclude Include="editor\third\glm\ext\vector_bool1_precision.hpp">
      <Filter>头文件</Filter>
    </ClInclude>
    <ClInclude Include="editor\third\glm\ext\vector_bool2.hpp">
      <Filter>头文件</Filter>
    </ClInclude>
    <ClInclude Include="editor\third\glm\ext\vector_bool2_precision.hpp">
      <Filter>头文件</Filter>
    </ClInclude>
    <ClInclude Include="editor\third\glm\ext\vector_bool3.hpp">
      <Filter>头文件</Filter>
    </ClInclude>
    <ClInclude Include="editor\third\glm\ext\vector_bool3_precision.hpp">
      <Filter>头文件</Filter>
    </ClInclude>
    <ClInclude Include="editor\third\glm\ext\vector_bool4.hpp">
      <Filter>头文件</Filter>
    </ClInclude>
    <ClInclude Include="editor\third\glm\ext\vector_bool4_precision.hpp">
      <Filter>头文件</Filter>
    </ClInclude>
    <ClInclude Include="editor\third\glm\ext\vector_common.hpp">
      <Filter>头文件</Filter>
    </ClInclude>
    <ClInclude Include="editor\third\glm\ext\vector_double1.hpp">
      <Filter>头文件</Filter>
    </ClInclude>
    <ClInclude Include="editor\third\glm\ext\vector_double1_precision.hpp">
      <Filter>头文件</Filter>
    </ClInclude>
    <ClInclude Include="editor\third\glm\ext\vector_double2.hpp">
      <Filter>头文件</Filter>
    </ClInclude>
    <ClInclude Include="editor\third\glm\ext\vector_double2_precision.hpp">
      <Filter>头文件</Filter>
    </ClInclude>
    <ClInclude Include="editor\third\glm\ext\vector_double3.hpp">
      <Filter>头文件</Filter>
    </ClInclude>
    <ClInclude Include="editor\third\glm\ext\vector_double3_precision.hpp">
      <Filter>头文件</Filter>
    </ClInclude>
    <ClInclude Include="editor\third\glm\ext\vector_double4.hpp">
      <Filter>头文件</Filter>
    </ClInclude>
    <ClInclude Include="editor\third\glm\ext\vector_double4_precision.hpp">
      <Filter>头文件</Filter>
    </ClInclude>
    <ClInclude Include="editor\third\glm\ext\vector_float1.hpp">
      <Filter>头文件</Filter>
    </ClInclude>
    <ClInclude Include="editor\third\glm\ext\vector_float1_precision.hpp">
      <Filter>头文件</Filter>
    </ClInclude>
    <ClInclude Include="editor\third\glm\ext\vector_float2.hpp">
      <Filter>头文件</Filter>
    </ClInclude>
    <ClInclude Include="editor\third\glm\ext\vector_float2_precision.hpp">
      <Filter>头文件</Filter>
    </ClInclude>
    <ClInclude Include="editor\third\glm\ext\vector_float3.hpp">
      <Filter>头文件</Filter>
    </ClInclude>
    <ClInclude Include="editor\third\glm\ext\vector_float3_precision.hpp">
      <Filter>头文件</Filter>
    </ClInclude>
    <ClInclude Include="editor\third\glm\ext\vector_float4.hpp">
      <Filter>头文件</Filter>
    </ClInclude>
    <ClInclude Include="editor\third\glm\ext\vector_float4_precision.hpp">
      <Filter>头文件</Filter>
    </ClInclude>
    <ClInclude Include="editor\third\glm\ext\vector_int1.hpp">
      <Filter>头文件</Filter>
    </ClInclude>
    <ClInclude Include="editor\third\glm\ext\vector_int1_precision.hpp">
      <Filter>头文件</Filter>
    </ClInclude>
    <ClInclude Include="editor\third\glm\ext\vector_int2.hpp">
      <Filter>头文件</Filter>
    </ClInclude>
    <ClInclude Include="editor\third\glm\ext\vector_int2_precision.hpp">
      <Filter>头文件</Filter>
    </ClInclude>
    <ClInclude Include="editor\third\glm\ext\vector_int3.hpp">
      <Filter>头文件</Filter>
    </ClInclude>
    <ClInclude Include="editor\third\glm\ext\vector_int3_precision.hpp">
      <Filter>头文件</Filter>
    </ClInclude>
    <ClInclude Include="editor\third\glm\ext\vector_int4.hpp">
      <Filter>头文件</Filter>
    </ClInclude>
    <ClInclude Include="editor\third\glm\ext\vector_int4_precision.hpp">
      <Filter>头文件</Filter>
    </ClInclude>
    <ClInclude Include="editor\third\glm\ext\vector_relational.hpp">
      <Filter>头文件</Filter>
    </ClInclude>
    <ClInclude Include="editor\third\glm\ext\vector_uint1.hpp">
      <Filter>头文件</Filter>
    </ClInclude>
    <ClInclude Include="editor\third\glm\ext\vector_uint1_precision.hpp">
      <Filter>头文件</Filter>
    </ClInclude>
    <ClInclude Include="editor\third\glm\ext\vector_uint2.hpp">
      <Filter>头文件</Filter>
    </ClInclude>
    <ClInclude Include="editor\third\glm\ext\vector_uint2_precision.hpp">
      <Filter>头文件</Filter>
    </ClInclude>
    <ClInclude Include="editor\third\glm\ext\vector_uint3.hpp">
      <Filter>头文件</Filter>
    </ClInclude>
    <ClInclude Include="editor\third\glm\ext\vector_uint3_precision.hpp">
      <Filter>头文件</Filter>
    </ClInclude>
    <ClInclude Include="editor\third\glm\ext\vector_uint4.hpp">
      <Filter>头文件</Filter>
    </ClInclude>
    <ClInclude Include="editor\third\glm\ext\vector_uint4_precision.hpp">
      <Filter>头文件</Filter>
    </ClInclude>
    <ClInclude Include="editor\third\glm\ext\vector_ulp.hpp">
      <Filter>头文件</Filter>
    </ClInclude>
    <ClInclude Include="editor\third\glm\gtc\bitfield.hpp">
      <Filter>头文件</Filter>
    </ClInclude>
    <ClInclude Include="editor\third\glm\gtc\color_space.hpp">
      <Filter>头文件</Filter>
    </ClInclude>
    <ClInclude Include="editor\third\glm\gtc\constants.hpp">
      <Filter>头文件</Filter>
    </ClInclude>
    <ClInclude Include="editor\third\glm\gtc\epsilon.hpp">
      <Filter>头文件</Filter>
    </ClInclude>
    <ClInclude Include="editor\third\glm\gtc\integer.hpp">
      <Filter>头文件</Filter>
    </ClInclude>
    <ClInclude Include="editor\third\glm\gtc\matrix_access.hpp">
      <Filter>头文件</Filter>
    </ClInclude>
    <ClInclude Include="editor\third\glm\gtc\matrix_integer.hpp">
      <Filter>头文件</Filter>
    </ClInclude>
    <ClInclude Include="editor\third\glm\gtc\matrix_inverse.hpp">
      <Filter>头文件</Filter>
    </ClInclude>
    <ClInclude Include="editor\third\glm\gtc\matrix_transform.hpp">
      <Filter>头文件</Filter>
    </ClInclude>
    <ClInclude Include="editor\third\glm\gtc\noise.hpp">
      <Filter>头文件</Filter>
    </ClInclude>
    <ClInclude Include="editor\third\glm\gtc\packing.hpp">
      <Filter>头文件</Filter>
    </ClInclude>
    <ClInclude Include="editor\third\glm\gtc\quaternion.hpp">
      <Filter>头文件</Filter>
    </ClInclude>
    <ClInclude Include="editor\third\glm\gtc\random.hpp">
      <Filter>头文件</Filter>
    </ClInclude>
    <ClInclude Include="editor\third\glm\gtc\reciprocal.hpp">
      <Filter>头文件</Filter>
    </ClInclude>
    <ClInclude Include="editor\third\glm\gtc\round.hpp">
      <Filter>头文件</Filter>
    </ClInclude>
    <ClInclude Include="editor\third\glm\gtc\type_aligned.hpp">
      <Filter>头文件</Filter>
    </ClInclude>
    <ClInclude Include="editor\third\glm\gtc\type_precision.hpp">
      <Filter>头文件</Filter>
    </ClInclude>
    <ClInclude Include="editor\third\glm\gtc\type_ptr.hpp">
      <Filter>头文件</Filter>
    </ClInclude>
    <ClInclude Include="editor\third\glm\gtc\ulp.hpp">
      <Filter>头文件</Filter>
    </ClInclude>
    <ClInclude Include="editor\third\glm\gtc\vec1.hpp">
      <Filter>头文件</Filter>
    </ClInclude>
    <ClInclude Include="editor\third\glm\gtx\associated_min_max.hpp">
      <Filter>头文件</Filter>
    </ClInclude>
    <ClInclude Include="editor\third\glm\gtx\bit.hpp">
      <Filter>头文件</Filter>
    </ClInclude>
    <ClInclude Include="editor\third\glm\gtx\closest_point.hpp">
      <Filter>头文件</Filter>
    </ClInclude>
    <ClInclude Include="editor\third\glm\gtx\color_encoding.hpp">
      <Filter>头文件</Filter>
    </ClInclude>
    <ClInclude Include="editor\third\glm\gtx\color_space.hpp">
      <Filter>头文件</Filter>
    </ClInclude>
    <ClInclude Include="editor\third\glm\gtx\color_space_YCoCg.hpp">
      <Filter>头文件</Filter>
    </ClInclude>
    <ClInclude Include="editor\third\glm\gtx\common.hpp">
      <Filter>头文件</Filter>
    </ClInclude>
    <ClInclude Include="editor\third\glm\gtx\compatibility.hpp">
      <Filter>头文件</Filter>
    </ClInclude>
    <ClInclude Include="editor\third\glm\gtx\component_wise.hpp">
      <Filter>头文件</Filter>
    </ClInclude>
    <ClInclude Include="editor\third\glm\gtx\dual_quaternion.hpp">
      <Filter>头文件</Filter>
    </ClInclude>
    <ClInclude Include="editor\third\glm\gtx\easing.hpp">
      <Filter>头文件</Filter>
    </ClInclude>
    <ClInclude Include="editor\third\glm\gtx\euler_angles.hpp">
      <Filter>头文件</Filter>
    </ClInclude>
    <ClInclude Include="editor\third\glm\gtx\extend.hpp">
      <Filter>头文件</Filter>
    </ClInclude>
    <ClInclude Include="editor\third\glm\gtx\extended_min_max.hpp">
      <Filter>头文件</Filter>
    </ClInclude>
    <ClInclude Include="editor\third\glm\gtx\exterior_product.hpp">
      <Filter>头文件</Filter>
    </ClInclude>
    <ClInclude Include="editor\third\glm\gtx\fast_exponential.hpp">
      <Filter>头文件</Filter>
    </ClInclude>
    <ClInclude Include="editor\third\glm\gtx\fast_square_root.hpp">
      <Filter>头文件</Filter>
    </ClInclude>
    <ClInclude Include="editor\third\glm\gtx\fast_trigonometry.hpp">
      <Filter>头文件</Filter>
    </ClInclude>
    <ClInclude Include="editor\third\glm\gtx\functions.hpp">
      <Filter>头文件</Filter>
    </ClInclude>
    <ClInclude Include="editor\third\glm\gtx\gradient_paint.hpp">
      <Filter>头文件</Filter>
    </ClInclude>
    <ClInclude Include="editor\third\glm\gtx\handed_coordinate_space.hpp">
      <Filter>头文件</Filter>
    </ClInclude>
    <ClInclude Include="editor\third\glm\gtx\hash.hpp">
      <Filter>头文件</Filter>
    </ClInclude>
    <ClInclude Include="editor\third\glm\gtx\integer.hpp">
      <Filter>头文件</Filter>
    </ClInclude>
    <ClInclude Include="editor\third\glm\gtx\intersect.hpp">
      <Filter>头文件</Filter>
    </ClInclude>
    <ClInclude Include="editor\third\glm\gtx\io.hpp">
      <Filter>头文件</Filter>
    </ClInclude>
    <ClInclude Include="editor\third\glm\gtx\log_base.hpp">
      <Filter>头文件</Filter>
    </ClInclude>
    <ClInclude Include="editor\third\glm\gtx\matrix_cross_product.hpp">
      <Filter>头文件</Filter>
    </ClInclude>
    <ClInclude Include="editor\third\glm\gtx\matrix_decompose.hpp">
      <Filter>头文件</Filter>
    </ClInclude>
    <ClInclude Include="editor\third\glm\gtx\matrix_factorisation.hpp">
      <Filter>头文件</Filter>
    </ClInclude>
    <ClInclude Include="editor\third\glm\gtx\matrix_interpolation.hpp">
      <Filter>头文件</Filter>
    </ClInclude>
    <ClInclude Include="editor\third\glm\gtx\matrix_major_storage.hpp">
      <Filter>头文件</Filter>
    </ClInclude>
    <ClInclude Include="editor\third\glm\gtx\matrix_operation.hpp">
      <Filter>头文件</Filter>
    </ClInclude>
    <ClInclude Include="editor\third\glm\gtx\matrix_query.hpp">
      <Filter>头文件</Filter>
    </ClInclude>
    <ClInclude Include="editor\third\glm\gtx\matrix_transform_2d.hpp">
      <Filter>头文件</Filter>
    </ClInclude>
    <ClInclude Include="editor\third\glm\gtx\mixed_product.hpp">
      <Filter>头文件</Filter>
    </ClInclude>
    <ClInclude Include="editor\third\glm\gtx\norm.hpp">
      <Filter>头文件</Filter>
    </ClInclude>
    <ClInclude Include="editor\third\glm\gtx\normal.hpp">
      <Filter>头文件</Filter>
    </ClInclude>
    <ClInclude Include="editor\third\glm\gtx\normalize_dot.hpp">
      <Filter>头文件</Filter>
    </ClInclude>
    <ClInclude Include="editor\third\glm\gtx\number_precision.hpp">
      <Filter>头文件</Filter>
    </ClInclude>
    <ClInclude Include="editor\third\glm\gtx\optimum_pow.hpp">
      <Filter>头文件</Filter>
    </ClInclude>
    <ClInclude Include="editor\third\glm\gtx\orthonormalize.hpp">
      <Filter>头文件</Filter>
    </ClInclude>
    <ClInclude Include="editor\third\glm\gtx\perpendicular.hpp">
      <Filter>头文件</Filter>
    </ClInclude>
    <ClInclude Include="editor\third\glm\gtx\polar_coordinates.hpp">
      <Filter>头文件</Filter>
    </ClInclude>
    <ClInclude Include="editor\third\glm\gtx\projection.hpp">
      <Filter>头文件</Filter>
    </ClInclude>
    <ClInclude Include="editor\third\glm\gtx\quaternion.hpp">
      <Filter>头文件</Filter>
    </ClInclude>
    <ClInclude Include="editor\third\glm\gtx\range.hpp">
      <Filter>头文件</Filter>
    </ClInclude>
    <ClInclude Include="editor\third\glm\gtx\raw_data.hpp">
      <Filter>头文件</Filter>
    </ClInclude>
    <ClInclude Include="editor\third\glm\gtx\rotate_normalized_axis.hpp">
      <Filter>头文件</Filter>
    </ClInclude>
    <ClInclude Include="editor\third\glm\gtx\rotate_vector.hpp">
      <Filter>头文件</Filter>
    </ClInclude>
    <ClInclude Include="editor\third\glm\gtx\scalar_multiplication.hpp">
      <Filter>头文件</Filter>
    </ClInclude>
    <ClInclude Include="editor\third\glm\gtx\scalar_relational.hpp">
      <Filter>头文件</Filter>
    </ClInclude>
    <ClInclude Include="editor\third\glm\gtx\spline.hpp">
      <Filter>头文件</Filter>
    </ClInclude>
    <ClInclude Include="editor\third\glm\gtx\std_based_type.hpp">
      <Filter>头文件</Filter>
    </ClInclude>
    <ClInclude Include="editor\third\glm\gtx\string_cast.hpp">
      <Filter>头文件</Filter>
    </ClInclude>
    <ClInclude Include="editor\third\glm\gtx\texture.hpp">
      <Filter>头文件</Filter>
    </ClInclude>
    <ClInclude Include="editor\third\glm\gtx\transform.hpp">
      <Filter>头文件</Filter>
    </ClInclude>
    <ClInclude Include="editor\third\glm\gtx\transform2.hpp">
      <Filter>头文件</Filter>
    </ClInclude>
    <ClInclude Include="editor\third\glm\gtx\type_aligned.hpp">
      <Filter>头文件</Filter>
    </ClInclude>
    <ClInclude Include="editor\third\glm\gtx\type_trait.hpp">
      <Filter>头文件</Filter>
    </ClInclude>
    <ClInclude Include="editor\third\glm\gtx\vec_swizzle.hpp">
      <Filter>头文件</Filter>
    </ClInclude>
    <ClInclude Include="editor\third\glm\gtx\vector_angle.hpp">
      <Filter>头文件</Filter>
    </ClInclude>
    <ClInclude Include="editor\third\glm\gtx\vector_query.hpp">
      <Filter>头文件</Filter>
    </ClInclude>
    <ClInclude Include="editor\third\glm\gtx\wrap.hpp">
      <Filter>头文件</Filter>
    </ClInclude>
    <ClInclude Include="editor\third\glm\simd\common.h">
      <Filter>头文件</Filter>
    </ClInclude>
    <ClInclude Include="editor\third\glm\simd\exponential.h">
      <Filter>头文件</Filter>
    </ClInclude>
    <ClInclude Include="editor\third\glm\simd\geometric.h">
      <Filter>头文件</Filter>
    </ClInclude>
    <ClInclude Include="editor\third\glm\simd\integer.h">
      <Filter>头文件</Filter>
    </ClInclude>
    <ClInclude Include="editor\third\glm\simd\matrix.h">
      <Filter>头文件</Filter>
    </ClInclude>
    <ClInclude Include="editor\third\glm\simd\packing.h">
      <Filter>头文件</Filter>
    </ClInclude>
    <ClInclude Include="editor\third\glm\simd\platform.h">
      <Filter>头文件</Filter>
    </ClInclude>
    <ClInclude Include="editor\third\glm\simd\trigonometric.h">
      <Filter>头文件</Filter>
    </ClInclude>
    <ClInclude Include="editor\third\glm\simd\vector_relational.h">
      <Filter>头文件</Filter>
    </ClInclude>
    <ClInclude Include="editor\third\glm\common.hpp">
      <Filter>头文件</Filter>
    </ClInclude>
    <ClInclude Include="editor\third\glm\exponential.hpp">
      <Filter>头文件</Filter>
    </ClInclude>
    <ClInclude Include="editor\third\glm\ext.hpp">
      <Filter>头文件</Filter>
    </ClInclude>
    <ClInclude Include="editor\third\glm\fwd.hpp">
      <Filter>头文件</Filter>
    </ClInclude>
    <ClInclude Include="editor\third\glm\geometric.hpp">
      <Filter>头文件</Filter>
    </ClInclude>
    <ClInclude Include="editor\third\glm\glm.hpp">
      <Filter>头文件</Filter>
    </ClInclude>
    <ClInclude Include="editor\third\glm\integer.hpp">
      <Filter>头文件</Filter>
    </ClInclude>
    <ClInclude Include="editor\third\glm\mat2x2.hpp">
      <Filter>头文件</Filter>
    </ClInclude>
    <ClInclude Include="editor\third\glm\mat2x3.hpp">
      <Filter>头文件</Filter>
    </ClInclude>
    <ClInclude Include="editor\third\glm\mat2x4.hpp">
      <Filter>头文件</Filter>
    </ClInclude>
    <ClInclude Include="editor\third\glm\mat3x2.hpp">
      <Filter>头文件</Filter>
    </ClInclude>
    <ClInclude Include="editor\third\glm\mat3x3.hpp">
      <Filter>头文件</Filter>
    </ClInclude>
    <ClInclude Include="editor\third\glm\mat3x4.hpp">
      <Filter>头文件</Filter>
    </ClInclude>
    <ClInclude Include="editor\third\glm\mat4x2.hpp">
      <Filter>头文件</Filter>
    </ClInclude>
    <ClInclude Include="editor\third\glm\mat4x3.hpp">
      <Filter>头文件</Filter>
    </ClInclude>
    <ClInclude Include="editor\third\glm\mat4x4.hpp">
      <Filter>头文件</Filter>
    </ClInclude>
    <ClInclude Include="editor\third\glm\matrix.hpp">
      <Filter>头文件</Filter>
    </ClInclude>
    <ClInclude Include="editor\third\glm\packing.hpp">
      <Filter>头文件</Filter>
    </ClInclude>
    <ClInclude Include="editor\third\glm\trigonometric.hpp">
      <Filter>头文件</Filter>
    </ClInclude>
    <ClInclude Include="editor\third\glm\vec2.hpp">
      <Filter>头文件</Filter>
    </ClInclude>
    <ClInclude Include="editor\third\glm\vec3.hpp">
      <Filter>头文件</Filter>
    </ClInclude>
    <ClInclude Include="editor\third\glm\vec4.hpp">
      <Filter>头文件</Filter>
    </ClInclude>
    <ClInclude Include="editor\third\glm\vector_relational.hpp">
      <Filter>头文件</Filter>
    </ClInclude>
    <ClInclude Include="editor\third\tinyxml\tinystr.h">
      <Filter>头文件</Filter>
    </ClInclude>
    <ClInclude Include="editor\third\tinyxml\tinyxml.h">
      <Filter>头文件</Filter>
    </ClInclude>
    <ClInclude Include="editor\third\mmcjson.h">
      <Filter>头文件</Filter>
    </ClInclude>
    <ClInclude Include="editor\third\sformat.h">
      <Filter>头文件</Filter>
    </ClInclude>
    <ClInclude Include="editor\third\stb_image.h">
      <Filter>头文件</Filter>
    </ClInclude>
    <ClInclude Include="editor\tools\debug_tool.h">
      <Filter>头文件</Filter>
    </ClInclude>
    <ClInclude Include="editor\tools\file_tool.h">
      <Filter>头文件</Filter>
    </ClInclude>
    <ClInclude Include="editor\tools\serialize_tool.h">
      <Filter>头文件</Filter>
    </ClInclude>
    <ClInclude Include="editor\tools\std_tool.h">
      <Filter>头文件</Filter>
    </ClInclude>
    <ClInclude Include="editor\tools\string_tool.h">
      <Filter>头文件</Filter>
    </ClInclude>
    <ClInclude Include="editor\tools\time_tool.h">
      <Filter>头文件</Filter>
    </ClInclude>
    <ClInclude Include="editor\base.h">
      <Filter>头文件</Filter>
    </ClInclude>
    <ClInclude Include="editor\global.h">
      <Filter>头文件</Filter>
    </ClInclude>
    <ClInclude Include="editor\include.h">
      <Filter>头文件</Filter>
    </ClInclude>
    <ClInclude Include="editor\system\editor_sys\include.h">
      <Filter>头文件</Filter>
    </ClInclude>
    <ClInclude Include="editor\system\raw_sys\raw.h">
      <Filter>头文件</Filter>
    </ClInclude>
    <ClInclude Include="editor\system\ui_sys\ui_parse\ui_parse.h">
      <Filter>头文件</Filter>
    </ClInclude>
    <ClInclude Include="editor\system\ui_sys\ui_state\ui_state.h">
      <Filter>头文件</Filter>
    </ClInclude>
    <ClInclude Include="editor\system\ui_sys\ui_sys.h">
      <Filter>头文件</Filter>
    </ClInclude>
    <ClInclude Include="editor\system\raw_sys\raw_sys.h">
      <Filter>头文件</Filter>
    </ClInclude>
    <ClInclude Include="editor\system\editor_sys\editor_sys.h">
      <Filter>头文件</Filter>
    </ClInclude>
    <ClInclude Include="editor\system\cfg_sys\cfg_sys.h">
      <Filter>头文件</Filter>
    </ClInclude>
    <ClInclude Include="editor\system\ui_sys\ui_object\ui_object.h">
      <Filter>头文件</Filter>
    </ClInclude>
    <ClInclude Include="editor\system\ui_sys\include.h">
      <Filter>头文件</Filter>
    </ClInclude>
    <ClInclude Include="editor\system\event_sys\event_sys.h">
      <Filter>头文件</Filter>
    </ClInclude>
    <ClInclude Include="editor\system\interface\serializer.h">
      <Filter>头文件</Filter>
    </ClInclude>
    <ClInclude Include="editor\system\ui_sys\ui_menu.h">
      <Filter>头文件</Filter>
    </ClInclude>
    <ClInclude Include="editor\system\editor_sys\property\ui_property.h">
      <Filter>头文件</Filter>
    </ClInclude>
    <ClInclude Include="editor\tools\glsl_tool.h">
      <Filter>头文件</Filter>
    </ClInclude>
    <ClInclude Include="editor\system\editor_sys\component\comp_sprite.h">
      <Filter>头文件</Filter>
    </ClInclude>
    <ClInclude Include="editor\system\interface\render.h">
      <Filter>头文件</Filter>
    </ClInclude>
    <ClInclude Include="editor\system\ui_sys\ui_event.h">
      <Filter>头文件</Filter>
    </ClInclude>
    <ClInclude Include="editor\tools\math_tool.h">
      <Filter>头文件</Filter>
    </ClInclude>
    <ClInclude Include="editor\system\editor_sys\component\comp_tilemap.h">
      <Filter>头文件</Filter>
    </ClInclude>
    <ClInclude Include="editor\system\editor_sys\component\comp_light.h">
      <Filter>头文件</Filter>
    </ClInclude>
    <ClInclude Include="editor\system\editor_sys\component\comp_lightning.h">
      <Filter>头文件</Filter>
    </ClInclude>
    <ClInclude Include="editor\system\editor_sys\component\comp_segment.h">
      <Filter>头文件</Filter>
    </ClInclude>
    <ClInclude Include="editor\system\editor_sys\component\comp_polygon.h">
      <Filter>头文件</Filter>
    </ClInclude>
    <ClInclude Include="editor\system\editor_sys\component\comp_field_of_view.h">
      <Filter>头文件</Filter>
    </ClInclude>
    <ClInclude Include="editor\system\editor_sys\component\comp_render_target.h">
      <Filter>头文件</Filter>
    </ClInclude>
    <ClInclude Include="editor\system\editor_sys\component\comp_text.h">
      <Filter>头文件</Filter>
    </ClInclude>
    <ClInclude Include="editor\system\ui_sys\ui_list.h">
      <Filter>头文件</Filter>
    </ClInclude>
    <ClInclude Include="editor\system\raw_sys\res.h">
      <Filter>头文件</Filter>
    </ClInclude>
    <ClInclude Include="editor\system\raw_sys\project.h">
      <Filter>头文件</Filter>
    </ClInclude>
    <ClInclude Include="editor\system\raw_sys\gl_object.h">
      <Filter>头文件</Filter>
    </ClInclude>
    <ClInclude Include="editor\system\raw_sys\component.h">
      <Filter>头文件</Filter>
    </ClInclude>
    <ClInclude Include="editor\system\raw_sys\comp_transform.h">
      <Filter>头文件</Filter>
    </ClInclude>
    <ClInclude Include="editor\system\editor_sys\delegate\main\ui_delegate_main.h">
      <Filter>头文件</Filter>
    </ClInclude>
    <ClInclude Include="editor\system\editor_sys\delegate\explorer\ui_delegate_explorer.h">
      <Filter>头文件</Filter>
    </ClInclude>
    <ClInclude Include="editor\system\editor_sys\delegate\ui_delegate_base.h">
      <Filter>头文件</Filter>
    </ClInclude>
  </ItemGroup>
  <ItemGroup>
    <None Include="editor\third\glm\detail\func_common.inl">
      <Filter>头文件</Filter>
    </None>
    <None Include="editor\third\glm\detail\func_common_simd.inl">
      <Filter>头文件</Filter>
    </None>
    <None Include="editor\third\glm\detail\func_exponential.inl">
      <Filter>头文件</Filter>
    </None>
    <None Include="editor\third\glm\detail\func_exponential_simd.inl">
      <Filter>头文件</Filter>
    </None>
    <None Include="editor\third\glm\detail\func_geometric.inl">
      <Filter>头文件</Filter>
    </None>
    <None Include="editor\third\glm\detail\func_geometric_simd.inl">
      <Filter>头文件</Filter>
    </None>
    <None Include="editor\third\glm\detail\func_integer.inl">
      <Filter>头文件</Filter>
    </None>
    <None Include="editor\third\glm\detail\func_integer_simd.inl">
      <Filter>头文件</Filter>
    </None>
    <None Include="editor\third\glm\detail\func_matrix.inl">
      <Filter>头文件</Filter>
    </None>
    <None Include="editor\third\glm\detail\func_matrix_simd.inl">
      <Filter>头文件</Filter>
    </None>
    <None Include="editor\third\glm\detail\func_packing.inl">
      <Filter>头文件</Filter>
    </None>
    <None Include="editor\third\glm\detail\func_packing_simd.inl">
      <Filter>头文件</Filter>
    </None>
    <None Include="editor\third\glm\detail\func_trigonometric.inl">
      <Filter>头文件</Filter>
    </None>
    <None Include="editor\third\glm\detail\func_trigonometric_simd.inl">
      <Filter>头文件</Filter>
    </None>
    <None Include="editor\third\glm\detail\func_vector_relational.inl">
      <Filter>头文件</Filter>
    </None>
    <None Include="editor\third\glm\detail\func_vector_relational_simd.inl">
      <Filter>头文件</Filter>
    </None>
    <None Include="editor\third\glm\detail\type_half.inl">
      <Filter>头文件</Filter>
    </None>
    <None Include="editor\third\glm\detail\type_mat2x2.inl">
      <Filter>头文件</Filter>
    </None>
    <None Include="editor\third\glm\detail\type_mat2x3.inl">
      <Filter>头文件</Filter>
    </None>
    <None Include="editor\third\glm\detail\type_mat2x4.inl">
      <Filter>头文件</Filter>
    </None>
    <None Include="editor\third\glm\detail\type_mat3x2.inl">
      <Filter>头文件</Filter>
    </None>
    <None Include="editor\third\glm\detail\type_mat3x3.inl">
      <Filter>头文件</Filter>
    </None>
    <None Include="editor\third\glm\detail\type_mat3x4.inl">
      <Filter>头文件</Filter>
    </None>
    <None Include="editor\third\glm\detail\type_mat4x2.inl">
      <Filter>头文件</Filter>
    </None>
    <None Include="editor\third\glm\detail\type_mat4x3.inl">
      <Filter>头文件</Filter>
    </None>
    <None Include="editor\third\glm\detail\type_mat4x4.inl">
      <Filter>头文件</Filter>
    </None>
    <None Include="editor\third\glm\detail\type_mat4x4_simd.inl">
      <Filter>头文件</Filter>
    </None>
    <None Include="editor\third\glm\detail\type_quat.inl">
      <Filter>头文件</Filter>
    </None>
    <None Include="editor\third\glm\detail\type_quat_simd.inl">
      <Filter>头文件</Filter>
    </None>
    <None Include="editor\third\glm\detail\type_vec1.inl">
      <Filter>头文件</Filter>
    </None>
    <None Include="editor\third\glm\detail\type_vec2.inl">
      <Filter>头文件</Filter>
    </None>
    <None Include="editor\third\glm\detail\type_vec3.inl">
      <Filter>头文件</Filter>
    </None>
    <None Include="editor\third\glm\detail\type_vec4.inl">
      <Filter>头文件</Filter>
    </None>
    <None Include="editor\third\glm\detail\type_vec4_simd.inl">
      <Filter>头文件</Filter>
    </None>
    <None Include="editor\third\glm\ext\matrix_clip_space.inl">
      <Filter>头文件</Filter>
    </None>
    <None Include="editor\third\glm\ext\matrix_projection.inl">
      <Filter>头文件</Filter>
    </None>
    <None Include="editor\third\glm\ext\matrix_relational.inl">
      <Filter>头文件</Filter>
    </None>
    <None Include="editor\third\glm\ext\matrix_transform.inl">
      <Filter>头文件</Filter>
    </None>
    <None Include="editor\third\glm\ext\quaternion_common.inl">
      <Filter>头文件</Filter>
    </None>
    <None Include="editor\third\glm\ext\quaternion_common_simd.inl">
      <Filter>头文件</Filter>
    </None>
    <None Include="editor\third\glm\ext\quaternion_exponential.inl">
      <Filter>头文件</Filter>
    </None>
    <None Include="editor\third\glm\ext\quaternion_geometric.inl">
      <Filter>头文件</Filter>
    </None>
    <None Include="editor\third\glm\ext\quaternion_relational.inl">
      <Filter>头文件</Filter>
    </None>
    <None Include="editor\third\glm\ext\quaternion_transform.inl">
      <Filter>头文件</Filter>
    </None>
    <None Include="editor\third\glm\ext\quaternion_trigonometric.inl">
      <Filter>头文件</Filter>
    </None>
    <None Include="editor\third\glm\ext\scalar_common.inl">
      <Filter>头文件</Filter>
    </None>
    <None Include="editor\third\glm\ext\scalar_constants.inl">
      <Filter>头文件</Filter>
    </None>
    <None Include="editor\third\glm\ext\scalar_relational.inl">
      <Filter>头文件</Filter>
    </None>
    <None Include="editor\third\glm\ext\scalar_ulp.inl">
      <Filter>头文件</Filter>
    </None>
    <None Include="editor\third\glm\ext\vector_common.inl">
      <Filter>头文件</Filter>
    </None>
    <None Include="editor\third\glm\ext\vector_relational.inl">
      <Filter>头文件</Filter>
    </None>
    <None Include="editor\third\glm\ext\vector_ulp.inl">
      <Filter>头文件</Filter>
    </None>
    <None Include="editor\third\glm\gtc\bitfield.inl">
      <Filter>头文件</Filter>
    </None>
    <None Include="editor\third\glm\gtc\color_space.inl">
      <Filter>头文件</Filter>
    </None>
    <None Include="editor\third\glm\gtc\constants.inl">
      <Filter>头文件</Filter>
    </None>
    <None Include="editor\third\glm\gtc\epsilon.inl">
      <Filter>头文件</Filter>
    </None>
    <None Include="editor\third\glm\gtc\integer.inl">
      <Filter>头文件</Filter>
    </None>
    <None Include="editor\third\glm\gtc\matrix_access.inl">
      <Filter>头文件</Filter>
    </None>
    <None Include="editor\third\glm\gtc\matrix_inverse.inl">
      <Filter>头文件</Filter>
    </None>
    <None Include="editor\third\glm\gtc\matrix_transform.inl">
      <Filter>头文件</Filter>
    </None>
    <None Include="editor\third\glm\gtc\noise.inl">
      <Filter>头文件</Filter>
    </None>
    <None Include="editor\third\glm\gtc\packing.inl">
      <Filter>头文件</Filter>
    </None>
    <None Include="editor\third\glm\gtc\quaternion.inl">
      <Filter>头文件</Filter>
    </None>
    <None Include="editor\third\glm\gtc\quaternion_simd.inl">
      <Filter>头文件</Filter>
    </None>
    <None Include="editor\third\glm\gtc\random.inl">
      <Filter>头文件</Filter>
    </None>
    <None Include="editor\third\glm\gtc\reciprocal.inl">
      <Filter>头文件</Filter>
    </None>
    <None Include="editor\third\glm\gtc\round.inl">
      <Filter>头文件</Filter>
    </None>
    <None Include="editor\third\glm\gtc\type_precision.inl">
      <Filter>头文件</Filter>
    </None>
    <None Include="editor\third\glm\gtc\type_ptr.inl">
      <Filter>头文件</Filter>
    </None>
    <None Include="editor\third\glm\gtc\ulp.inl">
      <Filter>头文件</Filter>
    </None>
    <None Include="editor\third\glm\gtx\associated_min_max.inl">
      <Filter>头文件</Filter>
    </None>
    <None Include="editor\third\glm\gtx\bit.inl">
      <Filter>头文件</Filter>
    </None>
    <None Include="editor\third\glm\gtx\closest_point.inl">
      <Filter>头文件</Filter>
    </None>
    <None Include="editor\third\glm\gtx\color_encoding.inl">
      <Filter>头文件</Filter>
    </None>
    <None Include="editor\third\glm\gtx\color_space.inl">
      <Filter>头文件</Filter>
    </None>
    <None Include="editor\third\glm\gtx\color_space_YCoCg.inl">
      <Filter>头文件</Filter>
    </None>
    <None Include="editor\third\glm\gtx\common.inl">
      <Filter>头文件</Filter>
    </None>
    <None Include="editor\third\glm\gtx\compatibility.inl">
      <Filter>头文件</Filter>
    </None>
    <None Include="editor\third\glm\gtx\component_wise.inl">
      <Filter>头文件</Filter>
    </None>
    <None Include="editor\third\glm\gtx\dual_quaternion.inl">
      <Filter>头文件</Filter>
    </None>
    <None Include="editor\third\glm\gtx\easing.inl">
      <Filter>头文件</Filter>
    </None>
    <None Include="editor\third\glm\gtx\euler_angles.inl">
      <Filter>头文件</Filter>
    </None>
    <None Include="editor\third\glm\gtx\extend.inl">
      <Filter>头文件</Filter>
    </None>
    <None Include="editor\third\glm\gtx\extended_min_max.inl">
      <Filter>头文件</Filter>
    </None>
    <None Include="editor\third\glm\gtx\exterior_product.inl">
      <Filter>头文件</Filter>
    </None>
    <None Include="editor\third\glm\gtx\fast_exponential.inl">
      <Filter>头文件</Filter>
    </None>
    <None Include="editor\third\glm\gtx\fast_square_root.inl">
      <Filter>头文件</Filter>
    </None>
    <None Include="editor\third\glm\gtx\fast_trigonometry.inl">
      <Filter>头文件</Filter>
    </None>
    <None Include="editor\third\glm\gtx\float_notmalize.inl">
      <Filter>头文件</Filter>
    </None>
    <None Include="editor\third\glm\gtx\functions.inl">
      <Filter>头文件</Filter>
    </None>
    <None Include="editor\third\glm\gtx\gradient_paint.inl">
      <Filter>头文件</Filter>
    </None>
    <None Include="editor\third\glm\gtx\handed_coordinate_space.inl">
      <Filter>头文件</Filter>
    </None>
    <None Include="editor\third\glm\gtx\hash.inl">
      <Filter>头文件</Filter>
    </None>
    <None Include="editor\third\glm\gtx\integer.inl">
      <Filter>头文件</Filter>
    </None>
    <None Include="editor\third\glm\gtx\intersect.inl">
      <Filter>头文件</Filter>
    </None>
    <None Include="editor\third\glm\gtx\io.inl">
      <Filter>头文件</Filter>
    </None>
    <None Include="editor\third\glm\gtx\log_base.inl">
      <Filter>头文件</Filter>
    </None>
    <None Include="editor\third\glm\gtx\matrix_cross_product.inl">
      <Filter>头文件</Filter>
    </None>
    <None Include="editor\third\glm\gtx\matrix_decompose.inl">
      <Filter>头文件</Filter>
    </None>
    <None Include="editor\third\glm\gtx\matrix_factorisation.inl">
      <Filter>头文件</Filter>
    </None>
    <None Include="editor\third\glm\gtx\matrix_interpolation.inl">
      <Filter>头文件</Filter>
    </None>
    <None Include="editor\third\glm\gtx\matrix_major_storage.inl">
      <Filter>头文件</Filter>
    </None>
    <None Include="editor\third\glm\gtx\matrix_operation.inl">
      <Filter>头文件</Filter>
    </None>
    <None Include="editor\third\glm\gtx\matrix_query.inl">
      <Filter>头文件</Filter>
    </None>
    <None Include="editor\third\glm\gtx\matrix_transform_2d.inl">
      <Filter>头文件</Filter>
    </None>
    <None Include="editor\third\glm\gtx\mixed_product.inl">
      <Filter>头文件</Filter>
    </None>
    <None Include="editor\third\glm\gtx\norm.inl">
      <Filter>头文件</Filter>
    </None>
    <None Include="editor\third\glm\gtx\normal.inl">
      <Filter>头文件</Filter>
    </None>
    <None Include="editor\third\glm\gtx\normalize_dot.inl">
      <Filter>头文件</Filter>
    </None>
    <None Include="editor\third\glm\gtx\number_precision.inl">
      <Filter>头文件</Filter>
    </None>
    <None Include="editor\third\glm\gtx\optimum_pow.inl">
      <Filter>头文件</Filter>
    </None>
    <None Include="editor\third\glm\gtx\orthonormalize.inl">
      <Filter>头文件</Filter>
    </None>
    <None Include="editor\third\glm\gtx\perpendicular.inl">
      <Filter>头文件</Filter>
    </None>
    <None Include="editor\third\glm\gtx\polar_coordinates.inl">
      <Filter>头文件</Filter>
    </None>
    <None Include="editor\third\glm\gtx\projection.inl">
      <Filter>头文件</Filter>
    </None>
    <None Include="editor\third\glm\gtx\quaternion.inl">
      <Filter>头文件</Filter>
    </None>
    <None Include="editor\third\glm\gtx\raw_data.inl">
      <Filter>头文件</Filter>
    </None>
    <None Include="editor\third\glm\gtx\rotate_normalized_axis.inl">
      <Filter>头文件</Filter>
    </None>
    <None Include="editor\third\glm\gtx\rotate_vector.inl">
      <Filter>头文件</Filter>
    </None>
    <None Include="editor\third\glm\gtx\scalar_relational.inl">
      <Filter>头文件</Filter>
    </None>
    <None Include="editor\third\glm\gtx\spline.inl">
      <Filter>头文件</Filter>
    </None>
    <None Include="editor\third\glm\gtx\std_based_type.inl">
      <Filter>头文件</Filter>
    </None>
    <None Include="editor\third\glm\gtx\string_cast.inl">
      <Filter>头文件</Filter>
    </None>
    <None Include="editor\third\glm\gtx\texture.inl">
      <Filter>头文件</Filter>
    </None>
    <None Include="editor\third\glm\gtx\transform.inl">
      <Filter>头文件</Filter>
    </None>
    <None Include="editor\third\glm\gtx\transform2.inl">
      <Filter>头文件</Filter>
    </None>
    <None Include="editor\third\glm\gtx\type_aligned.inl">
      <Filter>头文件</Filter>
    </None>
    <None Include="editor\third\glm\gtx\type_trait.inl">
      <Filter>头文件</Filter>
    </None>
    <None Include="editor\third\glm\gtx\vector_angle.inl">
      <Filter>头文件</Filter>
    </None>
    <None Include="editor\third\glm\gtx\vector_query.inl">
      <Filter>头文件</Filter>
    </None>
    <None Include="editor\third\glm\gtx\wrap.inl">
      <Filter>头文件</Filter>
    </None>
  </ItemGroup>
</Project>